
Microsoft Visual Studio Solution File, Format Version 12.00
# Visual Studio Version 17
VisualStudioVersion = 17.4.33403.182
MinimumVisualStudioVersion = 10.0.40219.1
Project("{FAE04EC0-301F-11D3-BF4B-00C04F79EFBC}") = "MyFirstOOPCode-Saturday", "MyFirstOOPCode-Saturday\MyFirstOOPCode-Saturday.csproj", "{0599FD7F-DDB0-45AC-A7BF-74E047C889E5}"
EndProject
Global
	GlobalSection(SolutionConfigurationPlatforms) = preSolution
		Debug|Any CPU = Debug|Any CPU
		Release|Any CPU = Release|Any CPU
	EndGlobalSection
	GlobalSection(ProjectConfigurationPlatforms) = postSolution
		{0599FD7F-DDB0-45AC-A7BF-74E047C889E5}.Debug|Any CPU.ActiveCfg = Debug|Any CPU
		{0599FD7F-DDB0-45AC-A7BF-74E047C889E5}.Debug|Any CPU.Build.0 = Debug|Any CPU
		{0599FD7F-DDB0-45AC-A7BF-74E047C889E5}.Release|Any CPU.ActiveCfg = Release|Any CPU
		{0599FD7F-DDB0-45AC-A7BF-74E047C889E5}.Release|Any CPU.Build.0 = Release|Any CPU
	EndGlobalSection
	GlobalSection(SolutionProperties) = preSolution
		HideSolutionNode = FALSE
	EndGlobalSection
	GlobalSection(ExtensibilityGlobals) = postSolution
		SolutionGuid = {3A9CF4C7-BF24-4CA5-9C84-2BE8AB789B9C}
	EndGlobalSection
EndGlobal
